{
  "name": "@danver97/event-sourcing",
  "version": "1.0.2",
  "lockfileVersion": 1,
  "requires": true,
  "dependencies": {
    "@danver97/aws-config": {
      "version": "1.0.1",
      "resolved": "https://registry.npmjs.org/@danver97/aws-config/-/aws-config-1.0.1.tgz",
      "integrity": "sha512-jJdtQBS8LA4j08dUOtzwrx8dCSzbpDhrUdLqTge6/k2+Hh3u5QHmAt8B61vpKmScn3J6fZLYZDfddzHptYboeg==",
      "requires": {
        "promisify-cb": "1.0.0"
      }
    },
    "implemented": {
      "version": "1.0.0",
      "resolved": "https://registry.npmjs.org/implemented/-/implemented-1.0.0.tgz",
      "integrity": "sha512-fKiAuapWo0VIwRdNwN10co8IEG9OA8mBmE9tHYKp5/PDym7mHuI4Pi87czCL0E7RCOA3U8/5zmUuvE8IWzBBVg=="
    },
    "promisify-cb": {
      "version": "1.0.0",
      "resolved": "https://registry.npmjs.org/promisify-cb/-/promisify-cb-1.0.0.tgz",
      "integrity": "sha512-RO+eUpw6U05MYPMgdeeAV18R7W5xsA67kIXMpAbEOnRs1hMpi0RPMLcthiuWqpDpx2PFxaXpXFC+cuZZIlMmRw=="
    }
  }
}
