{
  "name": "@danver97/event-sourcing",
  "version": "1.0.1",
  "lockfileVersion": 1,
  "requires": true,
  "dependencies": {
    "@danver97/aws-config": {
      "version": "1.0.0",
      "resolved": "https://registry.npmjs.org/@danver97/aws-config/-/aws-config-1.0.0.tgz",
      "integrity": "sha512-98WWBBV8gfkKMbhFTClEqaKSqOTUsKmfJ0xxeqplY0uU56ZRR482nv2W+z4LlkIty4LUUgA1fadUZVSBKafLTg==",
      "requires": {
        "promisify-cb": "1.0.0"
      }
    },
    "implemented": {
      "version": "1.0.0",
      "resolved": "https://registry.npmjs.org/implemented/-/implemented-1.0.0.tgz",
      "integrity": "sha512-fKiAuapWo0VIwRdNwN10co8IEG9OA8mBmE9tHYKp5/PDym7mHuI4Pi87czCL0E7RCOA3U8/5zmUuvE8IWzBBVg=="
    },
    "promisify-cb": {
      "version": "1.0.0",
      "resolved": "https://registry.npmjs.org/promisify-cb/-/promisify-cb-1.0.0.tgz",
      "integrity": "sha512-RO+eUpw6U05MYPMgdeeAV18R7W5xsA67kIXMpAbEOnRs1hMpi0RPMLcthiuWqpDpx2PFxaXpXFC+cuZZIlMmRw=="
    }
  }
}
